
Microsoft Visual Studio Solution File, Format Version 12.00
# Visual Studio Version 16
VisualStudioVersion = 16.0.30717.126
MinimumVisualStudioVersion = 10.0.40219.1
Project("{FAE04EC0-301F-11D3-BF4B-00C04F79EFBC}") = "SensorDataChallenge", "SensorDataChallenge\SensorDataChallenge.csproj", "{4E00A156-BB57-427C-9070-FC7BD2E1DFBD}"
EndProject
Global
	GlobalSection(SolutionConfigurationPlatforms) = preSolution
		Debug|Any CPU = Debug|Any CPU
		Release|Any CPU = Release|Any CPU
	EndGlobalSection
	GlobalSection(ProjectConfigurationPlatforms) = postSolution
		{4E00A156-BB57-427C-9070-FC7BD2E1DFBD}.Debug|Any CPU.ActiveCfg = Debug|Any CPU
		{4E00A156-BB57-427C-9070-FC7BD2E1DFBD}.Debug|Any CPU.Build.0 = Debug|Any CPU
		{4E00A156-BB57-427C-9070-FC7BD2E1DFBD}.Release|Any CPU.ActiveCfg = Release|Any CPU
		{4E00A156-BB57-427C-9070-FC7BD2E1DFBD}.Release|Any CPU.Build.0 = Release|Any CPU
	EndGlobalSection
	GlobalSection(SolutionProperties) = preSolution
		HideSolutionNode = FALSE
	EndGlobalSection
	GlobalSection(ExtensibilityGlobals) = postSolution
		SolutionGuid = {3B2811FE-3715-4905-973B-EBDE77B2C1DE}
	EndGlobalSection
EndGlobal
